<?xml version="1.0" encoding="utf-8"?>
<Project ToolsVersion="4.0" xmlns="http://schemas.microsoft.com/developer/msbuild/2003">
  <ItemGroup>
    <ClCompile Include="Application.cpp" />
    <ClCompile Include="AssetImporter.cpp" />
    <ClCompile Include="Camera.cpp" />
    <ClCompile Include="Enemy.cpp" />
    <ClCompile Include="FallingEnemy.cpp" />
    <ClCompile Include="input.cpp" />
    <ClCompile Include="LevelImporter.cpp" />
    <ClCompile Include="Main.cpp" />
    <ClCompile Include="model.cpp" />
    <ClCompile Include="PlatformManager.cpp" />
    <ClCompile Include="Player.cpp" />
    <ClCompile Include="PointLight.cpp" />
    <ClCompile Include="Render.cpp" />
    <ClCompile Include="ResourceManager.cpp" />
    <ClCompile Include="Texture.cpp" />
    <ClCompile Include="World.cpp" />
  </ItemGroup>
  <ItemGroup>
    <ClInclude Include="Application.h" />
    <ClInclude Include="AssetImporter.h" />
    <ClInclude Include="Camera.h" />
    <ClInclude Include="Enemy.h" />
    <ClInclude Include="FallingEnemy.h" />
    <ClInclude Include="input.h" />
    <ClInclude Include="LevelImporter.h" />
    <ClInclude Include="model.h" />
    <ClInclude Include="Platform.h" />
    <ClInclude Include="PlatformManager.h" />
    <ClInclude Include="Player.h" />
    <ClInclude Include="PointLight.h" />
    <ClInclude Include="Render.h" />
    <ClInclude Include="ResourceManager.h" />
    <ClInclude Include="Texture.h" />
    <ClInclude Include="World.h" />
  </ItemGroup>
  <ItemGroup>
    <None Include="effect.fx" />
    <None Include="shader.fx" />
  </ItemGroup>
</Project>